
Microsoft Visual Studio Solution File, Format Version 12.00
# Visual Studio Version 16
VisualStudioVersion = 25.0.1706.0
MinimumVisualStudioVersion = 10.0.40219.1
Project("{FAE04EC0-301F-11D3-BF4B-00C04F79EFBC}") = "TrabajadoresFinish", "TrabajadoresFinish.csproj", "{2DB7890D-CC37-4F15-B4CF-70F263933A5F}"
EndProject
Global
	GlobalSection(SolutionConfigurationPlatforms) = preSolution
		Debug|Any CPU = Debug|Any CPU
		Release|Any CPU = Release|Any CPU
	EndGlobalSection
	GlobalSection(ProjectConfigurationPlatforms) = postSolution
		{2DB7890D-CC37-4F15-B4CF-70F263933A5F}.Debug|Any CPU.ActiveCfg = Debug|Any CPU
		{2DB7890D-CC37-4F15-B4CF-70F263933A5F}.Debug|Any CPU.Build.0 = Debug|Any CPU
		{2DB7890D-CC37-4F15-B4CF-70F263933A5F}.Release|Any CPU.ActiveCfg = Release|Any CPU
		{2DB7890D-CC37-4F15-B4CF-70F263933A5F}.Release|Any CPU.Build.0 = Release|Any CPU
	EndGlobalSection
	GlobalSection(SolutionProperties) = preSolution
		HideSolutionNode = FALSE
	EndGlobalSection
	GlobalSection(ExtensibilityGlobals) = postSolution
		SolutionGuid = {11A53F0B-3C47-4314-B07D-DA9D90D090C6}
	EndGlobalSection
EndGlobal
